
Microsoft Visual Studio Solution File, Format Version 12.00
# Visual Studio Version 17
VisualStudioVersion = 17.9.34714.143
MinimumVisualStudioVersion = 10.0.40219.1
Project("{FAE04EC0-301F-11D3-BF4B-00C04F79EFBC}") = "Lab1Ex1Win7", "Lab1Ex1Win7\Lab1Ex1Win7.csproj", "{369545A6-94E2-4C45-9E73-06194CF3510B}"
EndProject
Global
	GlobalSection(SolutionConfigurationPlatforms) = preSolution
		Debug|Any CPU = Debug|Any CPU
		Release|Any CPU = Release|Any CPU
	EndGlobalSection
	GlobalSection(ProjectConfigurationPlatforms) = postSolution
		{369545A6-94E2-4C45-9E73-06194CF3510B}.Debug|Any CPU.ActiveCfg = Debug|Any CPU
		{369545A6-94E2-4C45-9E73-06194CF3510B}.Debug|Any CPU.Build.0 = Debug|Any CPU
		{369545A6-94E2-4C45-9E73-06194CF3510B}.Release|Any CPU.ActiveCfg = Release|Any CPU
		{369545A6-94E2-4C45-9E73-06194CF3510B}.Release|Any CPU.Build.0 = Release|Any CPU
	EndGlobalSection
	GlobalSection(SolutionProperties) = preSolution
		HideSolutionNode = FALSE
	EndGlobalSection
	GlobalSection(ExtensibilityGlobals) = postSolution
		SolutionGuid = {F72D5297-D60D-421D-B5B2-E2A2F94F0D61}
	EndGlobalSection
EndGlobal
